# THIS IS AN AUTOGENERATED FILE. DO NOT EDIT THIS FILE DIRECTLY.
# yarn lockfile v1


"@emotion/is-prop-valid@^0.8.1":
  version "0.8.8"
  resolved "https://registry.yarnpkg.com/@emotion/is-prop-valid/-/is-prop-valid-0.8.8.tgz#db28b1c4368a259b60a97311d6a952d4fd01ac1a"
  integrity sha512-u5WtneEAr5IDG2Wv65yhunPSMLIpuKsbuOktRojfrEiEvRyC85LgPMZI63cr7NUqT8ZIGdSVg8ZKGxIug4lXcA==
  dependencies:
    "@emotion/memoize" "0.7.4"

"@emotion/memoize@0.7.4":
  version "0.7.4"
  resolved "https://registry.yarnpkg.com/@emotion/memoize/-/memoize-0.7.4.tgz#19bf0f5af19149111c40d98bb0cf82119f5d9eeb"
  integrity sha512-Ja/Vfqe3HpuzRsG1oBtWTHk2PGZ7GR+2Vz5iYGelAw8dx32K0y7PjVuxK6z1nMpZOqAFsRUPCkK1YjJ56qJlgw==

"@emotion/memoize@^0.7.1":
  version "0.7.5"
  resolved "https://registry.yarnpkg.com/@emotion/memoize/-/memoize-0.7.5.tgz#2c40f81449a4e554e9fc6396910ed4843ec2be50"
  integrity sha512-igX9a37DR2ZPGYtV6suZ6whr8pTFtyHL3K/oLUotxpSVO2ASaprmAe2Dkq7tBo7CRY7MMDrAa9nuQP9/YG8FxQ==

"@styled-system/background@^5.1.2":
  version "5.1.2"
  resolved "https://registry.yarnpkg.com/@styled-system/background/-/background-5.1.2.tgz#75c63d06b497ab372b70186c0bf608d62847a2ba"
  integrity sha512-jtwH2C/U6ssuGSvwTN3ri/IyjdHb8W9X/g8Y0JLcrH02G+BW3OS8kZdHphF1/YyRklnrKrBT2ngwGUK6aqqV3A==
  dependencies:
    "@styled-system/core" "^5.1.2"

"@styled-system/border@^5.1.5":
  version "5.1.5"
  resolved "https://registry.yarnpkg.com/@styled-system/border/-/border-5.1.5.tgz#0493d4332d2b59b74bb0d57d08c73eb555761ba6"
  integrity sha512-JvddhNrnhGigtzWRCVuAHepniyVi6hBlimxWDVAdcTuk7aRn9BYJUwfHslURtwYFsF5FoEs8Zmr1oZq2M1AP0A==
  dependencies:
    "@styled-system/core" "^5.1.2"

"@styled-system/color@^5.1.2":
  version "5.1.2"
  resolved "https://registry.yarnpkg.com/@styled-system/color/-/color-5.1.2.tgz#b8d6b4af481faabe4abca1a60f8daa4ccc2d9f43"
  integrity sha512-1kCkeKDZkt4GYkuFNKc7vJQMcOmTl3bJY3YBUs7fCNM6mMYJeT1pViQ2LwBSBJytj3AB0o4IdLBoepgSgGl5MA==
  dependencies:
    "@styled-system/core" "^5.1.2"

"@styled-system/core@^5.1.2":
  version "5.1.2"
  resolved "https://registry.yarnpkg.com/@styled-system/core/-/core-5.1.2.tgz#b8b7b86455d5a0514f071c4fa8e434b987f6a772"
  integrity sha512-XclBDdNIy7OPOsN4HBsawG2eiWfCcuFt6gxKn1x4QfMIgeO6TOlA2pZZ5GWZtIhCUqEPTgIBta6JXsGyCkLBYw==
  dependencies:
    object-assign "^4.1.1"

"@styled-system/css@^5.1.5":
  version "5.1.5"
  resolved "https://registry.yarnpkg.com/@styled-system/css/-/css-5.1.5.tgz#0460d5f3ff962fa649ea128ef58d9584f403bbbc"
  integrity sha512-XkORZdS5kypzcBotAMPBoeckDs9aSZVkvrAlq5K3xP8IMAUek+x2O4NtwoSgkYkWWzVBu6DGdFZLR790QWGG+A==

"@styled-system/flexbox@^5.1.2":
  version "5.1.2"
  resolved "https://registry.yarnpkg.com/@styled-system/flexbox/-/flexbox-5.1.2.tgz#077090f43f61c3852df63da24e4108087a8beecf"
  integrity sha512-6hHV52+eUk654Y1J2v77B8iLeBNtc+SA3R4necsu2VVinSD7+XY5PCCEzBFaWs42dtOEDIa2lMrgL0YBC01mDQ==
  dependencies:
    "@styled-system/core" "^5.1.2"

"@styled-system/grid@^5.1.2":
  version "5.1.2"
  resolved "https://registry.yarnpkg.com/@styled-system/grid/-/grid-5.1.2.tgz#7165049877732900b99cd00759679fbe45c6c573"
  integrity sha512-K3YiV1KyHHzgdNuNlaw8oW2ktMuGga99o1e/NAfTEi5Zsa7JXxzwEnVSDSBdJC+z6R8WYTCYRQC6bkVFcvdTeg==
  dependencies:
    "@styled-system/core" "^5.1.2"

"@styled-system/layout@^5.1.2":
  version "5.1.2"
  resolved "https://registry.yarnpkg.com/@styled-system/layout/-/layout-5.1.2.tgz#12d73e79887e10062f4dbbbc2067462eace42339"
  integrity sha512-wUhkMBqSeacPFhoE9S6UF3fsMEKFv91gF4AdDWp0Aym1yeMPpqz9l9qS/6vjSsDPF7zOb5cOKC3tcKKOMuDCPw==
  dependencies:
    "@styled-system/core" "^5.1.2"

"@styled-system/position@^5.1.2":
  version "5.1.2"
  resolved "https://registry.yarnpkg.com/@styled-system/position/-/position-5.1.2.tgz#56961266566836f57a24d8e8e33ce0c1adb59dd3"
  integrity sha512-60IZfMXEOOZe3l1mCu6sj/2NAyUmES2kR9Kzp7s2D3P4qKsZWxD1Se1+wJvevb+1TP+ZMkGPEYYXRyU8M1aF5A==
  dependencies:
    "@styled-system/core" "^5.1.2"

"@styled-system/shadow@^5.1.2":
  version "5.1.2"
  resolved "https://registry.yarnpkg.com/@styled-system/shadow/-/shadow-5.1.2.tgz#beddab28d7de03cd0177a87ac4ed3b3b6d9831fd"
  integrity sha512-wqniqYb7XuZM7K7C0d1Euxc4eGtqEe/lvM0WjuAFsQVImiq6KGT7s7is+0bNI8O4Dwg27jyu4Lfqo/oIQXNzAg==
  dependencies:
    "@styled-system/core" "^5.1.2"

"@styled-system/should-forward-prop@^5.1.2":
  version "5.1.5"
  resolved "https://registry.yarnpkg.com/@styled-system/should-forward-prop/-/should-forward-prop-5.1.5.tgz#c392008c6ae14a6eb78bf1932733594f7f7e5c76"
  integrity sha512-+rPRomgCGYnUIaFabDoOgpSDc4UUJ1KsmlnzcEp0tu5lFrBQKgZclSo18Z1URhaZm7a6agGtS5Xif7tuC2s52Q==
  dependencies:
    "@emotion/is-prop-valid" "^0.8.1"
    "@emotion/memoize" "^0.7.1"
    styled-system "^5.1.5"

"@styled-system/space@^5.1.2":
  version "5.1.2"
  resolved "https://registry.yarnpkg.com/@styled-system/space/-/space-5.1.2.tgz#38925d2fa29a41c0eb20e65b7c3efb6e8efce953"
  integrity sha512-+zzYpR8uvfhcAbaPXhH8QgDAV//flxqxSjHiS9cDFQQUSznXMQmxJegbhcdEF7/eNnJgHeIXv1jmny78kipgBA==
  dependencies:
    "@styled-system/core" "^5.1.2"

"@styled-system/typography@^5.1.2":
  version "5.1.2"
  resolved "https://registry.yarnpkg.com/@styled-system/typography/-/typography-5.1.2.tgz#65fb791c67d50cd2900d234583eaacdca8c134f7"
  integrity sha512-BxbVUnN8N7hJ4aaPOd7wEsudeT7CxarR+2hns8XCX1zp0DFfbWw4xYa/olA0oQaqx7F1hzDg+eRaGzAJbF+jOg==
  dependencies:
    "@styled-system/core" "^5.1.2"

"@styled-system/variant@^5.1.5":
  version "5.1.5"
  resolved "https://registry.yarnpkg.com/@styled-system/variant/-/variant-5.1.5.tgz#8446d8aad06af3a4c723d717841df2dbe4ddeafd"
  integrity sha512-Yn8hXAFoWIro8+Q5J8YJd/mP85Teiut3fsGVR9CAxwgNfIAiqlYxsk5iHU7VHJks/0KjL4ATSjmbtCDC/4l1qw==
  dependencies:
    "@styled-system/core" "^5.1.2"
    "@styled-system/css" "^5.1.5"

"@theme-ui/color-modes@0.13.0":
  version "0.13.0"
  resolved "https://registry.yarnpkg.com/@theme-ui/color-modes/-/color-modes-0.13.0.tgz#ee357f936ab0ff1a95962a18a74a2664f013b2fe"
  integrity sha512-vMu+4A3xplcId0fbF4Wgy+nYFRxi3LHpkBe3wJtgE3Dr0sXLRk3++TNiRh7wEBmo+5bnBIZGNVSk1m0BD2WJhQ==
  dependencies:
    "@theme-ui/core" "0.13.0"
    "@theme-ui/css" "0.13.0"
    deepmerge "^4.2.2"

"@theme-ui/components@0.13.0", "@theme-ui/components@file:../../packages/components":
  version "0.13.0"
  dependencies:
    "@styled-system/color" "^5.1.2"
    "@styled-system/should-forward-prop" "^5.1.2"
    "@styled-system/space" "^5.1.2"
    "@theme-ui/css" "0.13.0"
    "@types/styled-system" "^5.1.13"

"@theme-ui/core@0.13.0":
  version "0.13.0"
  resolved "https://registry.yarnpkg.com/@theme-ui/core/-/core-0.13.0.tgz#baf294066416732603749f3bd3fb0991d5910d26"
  integrity sha512-F/u5zslWhNBlRowBjLsqDLsxcJ7umsk35BW83KqY4uYdWphYVZL3jnm0izGUqTeWrGgCSFywl0+Nz3cFUt3znA==
  dependencies:
    "@theme-ui/css" "0.13.0"
    "@theme-ui/parse-props" "0.13.0"
    deepmerge "^4.2.2"

"@theme-ui/css@0.13.0":
  version "0.13.0"
  resolved "https://registry.yarnpkg.com/@theme-ui/css/-/css-0.13.0.tgz#c7ee0e748c12a347e930a934e561dd51457cecec"
  integrity sha512-2vh2wggAmuaDhPTgBsMkBqEuaCaZWWzEJG6BMs9FfybHibQYi0MJyLHvi3D11goYH4R6ayynjKEtny/UFEOA9A==
  dependencies:
    csstype "^3.0.10"

"@theme-ui/mdx@0.13.0", "@theme-ui/mdx@file:../../packages/mdx":
  version "0.13.0"
  dependencies:
    "@theme-ui/core" "0.13.0"
    "@theme-ui/css" "0.13.0"

"@theme-ui/parse-props@0.13.0":
  version "0.13.0"
  resolved "https://registry.yarnpkg.com/@theme-ui/parse-props/-/parse-props-0.13.0.tgz#4b97eb4a80ff833bc82f53349267bacfa49999ae"
  integrity sha512-Ve7xXwfUQlWIPX5K4mSjrVgR2LNTYwTTOJr/HKBq+SPcJz7e/FtiKnIguDbI9z0Da/7SYDOlgGTTREiwtemLnQ==
  dependencies:
    "@theme-ui/css" "0.13.0"

"@theme-ui/preset-base@0.13.0", "@theme-ui/preset-base@file:../../packages/preset-base":
  version "0.13.0"

"@theme-ui/preset-bootstrap@file:../../packages/preset-bootstrap":
  version "0.13.0"

"@theme-ui/preset-bulma@file:../../packages/preset-bulma":
  version "0.13.0"
  dependencies:
    "@theme-ui/preset-base" "0.13.0"

"@theme-ui/preset-dark@file:../../packages/preset-dark":
  version "0.13.0"

"@theme-ui/preset-deep@file:../../packages/preset-deep":
  version "0.13.0"

"@theme-ui/preset-funk@file:../../packages/preset-funk":
  version "0.13.0"
  dependencies:
    "@theme-ui/preset-base" "0.13.0"

"@theme-ui/preset-future@file:../../packages/preset-future":
  version "0.13.0"
  dependencies:
    "@theme-ui/preset-base" "0.13.0"

"@theme-ui/preset-polaris@file:../../packages/preset-polaris":
  version "0.13.0"
  dependencies:
    "@theme-ui/preset-base" "0.13.0"

"@theme-ui/preset-roboto@file:../../packages/preset-roboto":
  version "0.13.0"
  dependencies:
    "@theme-ui/preset-base" "0.13.0"

"@theme-ui/preset-sketchy@file:../../packages/preset-sketchy":
  version "0.13.0"
  dependencies:
    "@theme-ui/css" "0.13.0"

"@theme-ui/preset-swiss@file:../../packages/preset-swiss":
  version "0.13.0"

"@theme-ui/preset-system@file:../../packages/preset-system":
  version "0.13.0"

"@theme-ui/preset-tailwind@file:../../packages/preset-tailwind":
  version "0.13.0"

"@theme-ui/preset-tosh@file:../../packages/preset-tosh":
  version "0.13.0"

"@theme-ui/theme-provider@0.13.0":
  version "0.13.0"
  resolved "https://registry.yarnpkg.com/@theme-ui/theme-provider/-/theme-provider-0.13.0.tgz#bd63e95fbaf178a180c61eb54abb358882030720"
  integrity sha512-4fU9VslDNAGtTPx/CLfrvJcvNAN108uJ0INVVjwbrOBy6HmrmXhNC8f6QJdoGQtd77iaUOWhSxwEggTbQs76oQ==
  dependencies:
    "@theme-ui/color-modes" "0.13.0"
    "@theme-ui/core" "0.13.0"
    "@theme-ui/css" "0.13.0"
    "@theme-ui/mdx" "0.13.0"

"@types/styled-system@^5.1.13":
  version "5.1.15"
  resolved "https://registry.yarnpkg.com/@types/styled-system/-/styled-system-5.1.15.tgz#075f969cc028a895dba916c07708e2fe828d7077"
  integrity sha512-1uls4wipZn8FtYFZ7upRVFDoEeOXTQTs2zuyOZPn02T6rjIxtvj2P2lG5qsxXHhKuKsu3thveCZrtaeLE/ibLg==
  dependencies:
    csstype "^3.0.2"

csstype@^3.0.10:
  version "3.0.11"
  resolved "https://registry.yarnpkg.com/csstype/-/csstype-3.0.11.tgz#d66700c5eacfac1940deb4e3ee5642792d85cd33"
  integrity sha512-sa6P2wJ+CAbgyy4KFssIb/JNMLxFvKF1pCYCSXS8ZMuqZnMsrxqI2E5sPyoTpxoPU/gVZMzr2zjOfg8GIZOMsw==

csstype@^3.0.2:
  version "3.0.8"
  resolved "https://registry.yarnpkg.com/csstype/-/csstype-3.0.8.tgz#d2266a792729fb227cd216fb572f43728e1ad340"
  integrity sha512-jXKhWqXPmlUeoQnF/EhTtTl4C9SnrxSH/jZUih3jmO6lBKr99rP3/+FmrMj4EFpOXzMtXHAZkd3x0E6h6Fgflw==

deepmerge@^4.2.2:
  version "4.2.2"
  resolved "https://registry.yarnpkg.com/deepmerge/-/deepmerge-4.2.2.tgz#44d2ea3679b8f4d4ffba33f03d865fc1e7bf4955"
  integrity sha512-FJ3UgI4gIl+PHZm53knsuSFpE+nESMr7M4v9QcgB7S63Kj/6WqMiFQJpBBYz1Pt+66bZpP3Q7Lye0Oo9MPKEdg==

object-assign@^4.1.1:
  version "4.1.1"
  resolved "https://registry.yarnpkg.com/object-assign/-/object-assign-4.1.1.tgz#2109adc7965887cfc05cbbd442cac8bfbb360863"
  integrity sha1-IQmtx5ZYh8/AXLvUQsrIv7s2CGM=

styled-system@^5.1.5:
  version "5.1.5"
  resolved "https://registry.yarnpkg.com/styled-system/-/styled-system-5.1.5.tgz#e362d73e1dbb5641a2fd749a6eba1263dc85075e"
  integrity sha512-7VoD0o2R3RKzOzPK0jYrVnS8iJdfkKsQJNiLRDjikOpQVqQHns/DXWaPZOH4tIKkhAT7I6wIsy9FWTWh2X3q+A==
  dependencies:
    "@styled-system/background" "^5.1.2"
    "@styled-system/border" "^5.1.5"
    "@styled-system/color" "^5.1.2"
    "@styled-system/core" "^5.1.2"
    "@styled-system/flexbox" "^5.1.2"
    "@styled-system/grid" "^5.1.2"
    "@styled-system/layout" "^5.1.2"
    "@styled-system/position" "^5.1.2"
    "@styled-system/shadow" "^5.1.2"
    "@styled-system/space" "^5.1.2"
    "@styled-system/typography" "^5.1.2"
    "@styled-system/variant" "^5.1.5"
    object-assign "^4.1.1"

"theme-ui@file:../../packages/theme-ui":
  version "0.13.0"
  dependencies:
    "@theme-ui/color-modes" "0.13.0"
    "@theme-ui/components" "0.13.0"
    "@theme-ui/core" "0.13.0"
    "@theme-ui/css" "0.13.0"
    "@theme-ui/mdx" "0.13.0"
    "@theme-ui/theme-provider" "0.13.0"

typescript@^4:
  version "4.6.2"
  resolved "https://registry.yarnpkg.com/typescript/-/typescript-4.6.2.tgz#fe12d2727b708f4eef40f51598b3398baa9611d4"
  integrity sha512-HM/hFigTBHZhLXshn9sN37H085+hQGeJHJ/X7LpBWLID/fbc2acUMfU+lGD98X81sKP+pFa9f0DZmCwB9GnbAg==
